
Microsoft Visual Studio Solution File, Format Version 12.00
# Visual Studio 14
VisualStudioVersion = 14.0.25420.1
MinimumVisualStudioVersion = 10.0.40219.1
Project("{FAE04EC0-301F-11D3-BF4B-00C04F79EFBC}") = "Quilt4.Service.Business", "Quilt4.Service.Business\Quilt4.Service.Business.csproj", "{AE1AC354-ED1D-43ED-B4AC-048E6727F7DD}"
EndProject
Project("{2150E333-8FDC-42A3-9474-1A3956D46DE8}") = "Build", "Build", "{3ED38EA3-A89C-4858-ABE0-977B4A1B30E7}"
	ProjectSection(SolutionItems) = preProject
		Build\AssemblyVersionInfo.cs = Build\AssemblyVersionInfo.cs
		Build\Release.msbuild = Build\Release.msbuild
	EndProjectSection
EndProject
Project("{FAE04EC0-301F-11D3-BF4B-00C04F79EFBC}") = "Quilt4.Service.Console", "Quilt4.Service.Console\Quilt4.Service.Console.csproj", "{6E74C917-2316-49DD-B5F2-0AE9FB7D7254}"
EndProject
Global
	GlobalSection(SolutionConfigurationPlatforms) = preSolution
		Debug|Any CPU = Debug|Any CPU
		Release|Any CPU = Release|Any CPU
	EndGlobalSection
	GlobalSection(ProjectConfigurationPlatforms) = postSolution
		{AE1AC354-ED1D-43ED-B4AC-048E6727F7DD}.Debug|Any CPU.ActiveCfg = Debug|Any CPU
		{AE1AC354-ED1D-43ED-B4AC-048E6727F7DD}.Debug|Any CPU.Build.0 = Debug|Any CPU
		{AE1AC354-ED1D-43ED-B4AC-048E6727F7DD}.Release|Any CPU.ActiveCfg = Release|Any CPU
		{AE1AC354-ED1D-43ED-B4AC-048E6727F7DD}.Release|Any CPU.Build.0 = Release|Any CPU
		{6E74C917-2316-49DD-B5F2-0AE9FB7D7254}.Debug|Any CPU.ActiveCfg = Debug|Any CPU
		{6E74C917-2316-49DD-B5F2-0AE9FB7D7254}.Debug|Any CPU.Build.0 = Debug|Any CPU
		{6E74C917-2316-49DD-B5F2-0AE9FB7D7254}.Release|Any CPU.ActiveCfg = Release|Any CPU
		{6E74C917-2316-49DD-B5F2-0AE9FB7D7254}.Release|Any CPU.Build.0 = Release|Any CPU
	EndGlobalSection
	GlobalSection(SolutionProperties) = preSolution
		HideSolutionNode = FALSE
	EndGlobalSection
EndGlobal
